
Microsoft Visual Studio Solution File, Format Version 12.00
# Visual Studio Version 17
VisualStudioVersion = 17.8.34511.84
MinimumVisualStudioVersion = 10.0.40219.1
Project("{9A19103F-16F7-4668-BE54-9A1E7A4F7556}") = "Orders.Backend", "Orders.Backend\Orders.Backend.csproj", "{4F94EFBB-C98C-4B89-BE73-94C322B49603}"
EndProject
Project("{9A19103F-16F7-4668-BE54-9A1E7A4F7556}") = "Orders.Frontend", "Orders.Frontend\Orders.Frontend.csproj", "{FE4BA805-A242-4B18-9C2D-9EA8B4CD986C}"
EndProject
Project("{9A19103F-16F7-4668-BE54-9A1E7A4F7556}") = "Orders.Shared", "Orders.Shared\Orders.Shared.csproj", "{771E0228-4D2B-4DA4-BAC9-CE2C9D693811}"
EndProject
Project("{9A19103F-16F7-4668-BE54-9A1E7A4F7556}") = "Orders.Tests", "Orders.Tests\Orders.Tests.csproj", "{00B1735E-779E-4D05-8B11-A5F5F907E7EF}"
EndProject
Global
	GlobalSection(SolutionConfigurationPlatforms) = preSolution
		Debug|Any CPU = Debug|Any CPU
		Release|Any CPU = Release|Any CPU
	EndGlobalSection
	GlobalSection(ProjectConfigurationPlatforms) = postSolution
		{4F94EFBB-C98C-4B89-BE73-94C322B49603}.Debug|Any CPU.ActiveCfg = Debug|Any CPU
		{4F94EFBB-C98C-4B89-BE73-94C322B49603}.Debug|Any CPU.Build.0 = Debug|Any CPU
		{4F94EFBB-C98C-4B89-BE73-94C322B49603}.Release|Any CPU.ActiveCfg = Release|Any CPU
		{4F94EFBB-C98C-4B89-BE73-94C322B49603}.Release|Any CPU.Build.0 = Release|Any CPU
		{FE4BA805-A242-4B18-9C2D-9EA8B4CD986C}.Debug|Any CPU.ActiveCfg = Debug|Any CPU
		{FE4BA805-A242-4B18-9C2D-9EA8B4CD986C}.Debug|Any CPU.Build.0 = Debug|Any CPU
		{FE4BA805-A242-4B18-9C2D-9EA8B4CD986C}.Release|Any CPU.ActiveCfg = Release|Any CPU
		{FE4BA805-A242-4B18-9C2D-9EA8B4CD986C}.Release|Any CPU.Build.0 = Release|Any CPU
		{771E0228-4D2B-4DA4-BAC9-CE2C9D693811}.Debug|Any CPU.ActiveCfg = Debug|Any CPU
		{771E0228-4D2B-4DA4-BAC9-CE2C9D693811}.Debug|Any CPU.Build.0 = Debug|Any CPU
		{771E0228-4D2B-4DA4-BAC9-CE2C9D693811}.Release|Any CPU.ActiveCfg = Release|Any CPU
		{771E0228-4D2B-4DA4-BAC9-CE2C9D693811}.Release|Any CPU.Build.0 = Release|Any CPU
		{00B1735E-779E-4D05-8B11-A5F5F907E7EF}.Debug|Any CPU.ActiveCfg = Debug|Any CPU
		{00B1735E-779E-4D05-8B11-A5F5F907E7EF}.Debug|Any CPU.Build.0 = Debug|Any CPU
		{00B1735E-779E-4D05-8B11-A5F5F907E7EF}.Release|Any CPU.ActiveCfg = Release|Any CPU
		{00B1735E-779E-4D05-8B11-A5F5F907E7EF}.Release|Any CPU.Build.0 = Release|Any CPU
	EndGlobalSection
	GlobalSection(SolutionProperties) = preSolution
		HideSolutionNode = FALSE
	EndGlobalSection
	GlobalSection(ExtensibilityGlobals) = postSolution
		SolutionGuid = {9CFF3D58-04FF-4E51-A475-396C62DD748A}
	EndGlobalSection
EndGlobal
